// !$*UTF8*$!
{
	archiveVersion = 1;
	classes = {
	};
	objectVersion = 46;
	objects = {

/* Begin PBXBuildFile section */
		A50F578C1AF18021005A875A /* RMOverlayController.m in Sources */ = {isa = PBXBuildFile; fileRef = A50F578B1AF18021005A875A /* RMOverlayController.m */; };
		A5F1784F1A7800A000478D54 /* main.m in Sources */ = {isa = PBXBuildFile; fileRef = A5F1784E1A7800A000478D54 /* main.m */; };
		A5F178521A7800A000478D54 /* AppDelegate.m in Sources */ = {isa = PBXBuildFile; fileRef = A5F178511A7800A000478D54 /* AppDelegate.m */; };
		A5F178581A7800A000478D54 /* Main.storyboard in Resources */ = {isa = PBXBuildFile; fileRef = A5F178561A7800A000478D54 /* Main.storyboard */; };
		A5F1785A1A7800A000478D54 /* Images.xcassets in Resources */ = {isa = PBXBuildFile; fileRef = A5F178591A7800A000478D54 /* Images.xcassets */; };
		A5F1785D1A7800A000478D54 /* LaunchScreen.xib in Resources */ = {isa = PBXBuildFile; fileRef = A5F1785B1A7800A000478D54 /* LaunchScreen.xib */; };
		A5F178691A7800A000478D54 /* OverlayMenuAppTests.m in Sources */ = {isa = PBXBuildFile; fileRef = A5F178681A7800A000478D54 /* OverlayMenuAppTests.m */; };
		A5F178771A7800CA00478D54 /* RMMenuViewController.m in Sources */ = {isa = PBXBuildFile; fileRef = A5F178761A7800CA00478D54 /* RMMenuViewController.m */; };
		A5F1787A1A78147A00478D54 /* RMContentViewController.m in Sources */ = {isa = PBXBuildFile; fileRef = A5F178791A78147A00478D54 /* RMContentViewController.m */; };
/* End PBXBuildFile section */

/* Begin PBXContainerItemProxy section */
		A5F178631A7800A000478D54 /* PBXContainerItemProxy */ = {
			isa = PBXContainerItemProxy;
			containerPortal = A5F178411A7800A000478D54 /* Project object */;
			proxyType = 1;
			remoteGlobalIDString = A5F178481A7800A000478D54;
			remoteInfo = OverlayMenuApp;
		};
/* End PBXContainerItemProxy section */

/* Begin PBXFileReference section */
		A50F578A1AF18021005A875A /* RMOverlayController.h */ = {isa = PBXFileReference; fileEncoding = 4; lastKnownFileType = sourcecode.c.h; path = RMOverlayController.h; sourceTree = "<group>"; };
		A50F578B1AF18021005A875A /* RMOverlayController.m */ = {isa = PBXFileReference; fileEncoding = 4; lastKnownFileType = sourcecode.c.objc; path = RMOverlayController.m; sourceTree = "<group>"; };
		A5F178491A7800A000478D54 /* OverlayMenuApp.app */ = {isa = PBXFileReference; explicitFileType = wrapper.application; includeInIndex = 0; path = OverlayMenuApp.app; sourceTree = BUILT_PRODUCTS_DIR; };
		A5F1784D1A7800A000478D54 /* Info.plist */ = {isa = PBXFileReference; lastKnownFileType = text.plist.xml; path = Info.plist; sourceTree = "<group>"; };
		A5F1784E1A7800A000478D54 /* main.m */ = {isa = PBXFileReference; lastKnownFileType = sourcecode.c.objc; path = main.m; sourceTree = "<group>"; };
		A5F178501A7800A000478D54 /* AppDelegate.h */ = {isa = PBXFileReference; lastKnownFileType = sourcecode.c.h; path = AppDelegate.h; sourceTree = "<group>"; };
		A5F178511A7800A000478D54 /* AppDelegate.m */ = {isa = PBXFileReference; lastKnownFileType = sourcecode.c.objc; path = AppDelegate.m; sourceTree = "<group>"; };
		A5F178571A7800A000478D54 /* Base */ = {isa = PBXFileReference; lastKnownFileType = file.storyboard; name = Base; path = Base.lproj/Main.storyboard; sourceTree = "<group>"; };
		A5F178591A7800A000478D54 /* Images.xcassets */ = {isa = PBXFileReference; lastKnownFileType = folder.assetcatalog; path = Images.xcassets; sourceTree = "<group>"; };
		A5F1785C1A7800A000478D54 /* Base */ = {isa = PBXFileReference; lastKnownFileType = file.xib; name = Base; path = Base.lproj/LaunchScreen.xib; sourceTree = "<group>"; };
		A5F178621A7800A000478D54 /* OverlayMenuAppTests.xctest */ = {isa = PBXFileReference; explicitFileType = wrapper.cfbundle; includeInIndex = 0; path = OverlayMenuAppTests.xctest; sourceTree = BUILT_PRODUCTS_DIR; };
		A5F178671A7800A000478D54 /* Info.plist */ = {isa = PBXFileReference; lastKnownFileType = text.plist.xml; path = Info.plist; sourceTree = "<group>"; };
		A5F178681A7800A000478D54 /* OverlayMenuAppTests.m */ = {isa = PBXFileReference; lastKnownFileType = sourcecode.c.objc; path = OverlayMenuAppTests.m; sourceTree = "<group>"; };
		A5F178751A7800CA00478D54 /* RMMenuViewController.h */ = {isa = PBXFileReference; fileEncoding = 4; lastKnownFileType = sourcecode.c.h; path = RMMenuViewController.h; sourceTree = "<group>"; };
		A5F178761A7800CA00478D54 /* RMMenuViewController.m */ = {isa = PBXFileReference; fileEncoding = 4; lastKnownFileType = sourcecode.c.objc; path = RMMenuViewController.m; sourceTree = "<group>"; };
		A5F178781A78147A00478D54 /* RMContentViewController.h */ = {isa = PBXFileReference; fileEncoding = 4; lastKnownFileType = sourcecode.c.h; path = RMContentViewController.h; sourceTree = "<group>"; };
		A5F178791A78147A00478D54 /* RMContentViewController.m */ = {isa = PBXFileReference; fileEncoding = 4; lastKnownFileType = sourcecode.c.objc; path = RMContentViewController.m; sourceTree = "<group>"; };
/* End PBXFileReference section */

/* Begin PBXFrameworksBuildPhase section */
		A5F178461A7800A000478D54 /* Frameworks */ = {
			isa = PBXFrameworksBuildPhase;
			buildActionMask = 2147483647;
			files = (
			);
			runOnlyForDeploymentPostprocessing = 0;
		};
		A5F1785F1A7800A000478D54 /* Frameworks */ = {
			isa = PBXFrameworksBuildPhase;
			buildActionMask = 2147483647;
			files = (
			);
			runOnlyForDeploymentPostprocessing = 0;
		};
/* End PBXFrameworksBuildPhase section */

/* Begin PBXGroup section */
		A50F57891AF18021005A875A /* RMOverlayController */ = {
			isa = PBXGroup;
			children = (
				A50F578A1AF18021005A875A /* RMOverlayController.h */,
				A50F578B1AF18021005A875A /* RMOverlayController.m */,
			);
			path = RMOverlayController;
			sourceTree = "<group>";
		};
		A5F178401A7800A000478D54 = {
			isa = PBXGroup;
			children = (
				A50F57891AF18021005A875A /* RMOverlayController */,
				A5F1784B1A7800A000478D54 /* OverlayMenuApp */,
				A5F178651A7800A000478D54 /* OverlayMenuAppTests */,
				A5F1784A1A7800A000478D54 /* Products */,
			);
			sourceTree = "<group>";
		};
		A5F1784A1A7800A000478D54 /* Products */ = {
			isa = PBXGroup;
			children = (
				A5F178491A7800A000478D54 /* OverlayMenuApp.app */,
				A5F178621A7800A000478D54 /* OverlayMenuAppTests.xctest */,
			);
			name = Products;
			sourceTree = "<group>";
		};
		A5F1784B1A7800A000478D54 /* OverlayMenuApp */ = {
			isa = PBXGroup;
			children = (
				A5F178501A7800A000478D54 /* AppDelegate.h */,
				A5F178511A7800A000478D54 /* AppDelegate.m */,
				A5F178561A7800A000478D54 /* Main.storyboard */,
				A5F178591A7800A000478D54 /* Images.xcassets */,
				A5F1785B1A7800A000478D54 /* LaunchScreen.xib */,
				A5F1784C1A7800A000478D54 /* Supporting Files */,
				A5F178751A7800CA00478D54 /* RMMenuViewController.h */,
				A5F178761A7800CA00478D54 /* RMMenuViewController.m */,
				A5F178781A78147A00478D54 /* RMContentViewController.h */,
				A5F178791A78147A00478D54 /* RMContentViewController.m */,
			);
			path = OverlayMenuApp;
			sourceTree = "<group>";
		};
		A5F1784C1A7800A000478D54 /* Supporting Files */ = {
			isa = PBXGroup;
			children = (
				A5F1784D1A7800A000478D54 /* Info.plist */,
				A5F1784E1A7800A000478D54 /* main.m */,
			);
			name = "Supporting Files";
			sourceTree = "<group>";
		};
		A5F178651A7800A000478D54 /* OverlayMenuAppTests */ = {
			isa = PBXGroup;
			children = (
				A5F178681A7800A000478D54 /* OverlayMenuAppTests.m */,
				A5F178661A7800A000478D54 /* Supporting Files */,
			);
			path = OverlayMenuAppTests;
			sourceTree = "<group>";
		};
		A5F178661A7800A000478D54 /* Supporting Files */ = {
			isa = PBXGroup;
			children = (
				A5F178671A7800A000478D54 /* Info.plist */,
			);
			name = "Supporting Files";
			sourceTree = "<group>";
		};
/* End PBXGroup section */

/* Begin PBXNativeTarget section */
		A5F178481A7800A000478D54 /* OverlayMenuApp */ = {
			isa = PBXNativeTarget;
			buildConfigurationList = A5F1786C1A7800A000478D54 /* Build configuration list for PBXNativeTarget "OverlayMenuApp" */;
			buildPhases = (
				A5F178451A7800A000478D54 /* Sources */,
				A5F178461A7800A000478D54 /* Frameworks */,
				A5F178471A7800A000478D54 /* Resources */,
			);
			buildRules = (
			);
			dependencies = (
			);
			name = OverlayMenuApp;
			productName = OverlayMenuApp;
			productReference = A5F178491A7800A000478D54 /* OverlayMenuApp.app */;
			productType = "com.apple.product-type.application";
		};
		A5F178611A7800A000478D54 /* OverlayMenuAppTests */ = {
			isa = PBXNativeTarget;
			buildConfigurationList = A5F1786F1A7800A000478D54 /* Build configuration list for PBXNativeTarget "OverlayMenuAppTests" */;
			buildPhases = (
				A5F1785E1A7800A000478D54 /* Sources */,
				A5F1785F1A7800A000478D54 /* Frameworks */,
				A5F178601A7800A000478D54 /* Resources */,
			);
			buildRules = (
			);
			dependencies = (
				A5F178641A7800A000478D54 /* PBXTargetDependency */,
			);
			name = OverlayMenuAppTests;
			productName = OverlayMenuAppTests;
			productReference = A5F178621A7800A000478D54 /* OverlayMenuAppTests.xctest */;
			productType = "com.apple.product-type.bundle.unit-test";
		};
/* End PBXNativeTarget section */

/* Begin PBXProject section */
		A5F178411A7800A000478D54 /* Project object */ = {
			isa = PBXProject;
			attributes = {
				LastUpgradeCheck = 0610;
				ORGANIZATIONNAME = rumori;
				TargetAttributes = {
					A5F178481A7800A000478D54 = {
						CreatedOnToolsVersion = 6.1;
						DevelopmentTeam = LAA5EN69T7;
					};
					A5F178611A7800A000478D54 = {
						CreatedOnToolsVersion = 6.1;
						TestTargetID = A5F178481A7800A000478D54;
					};
				};
			};
			buildConfigurationList = A5F178441A7800A000478D54 /* Build configuration list for PBXProject "OverlayMenuApp" */;
			compatibilityVersion = "Xcode 3.2";
			developmentRegion = English;
			hasScannedForEncodings = 0;
			knownRegions = (
				en,
				Base,
			);
			mainGroup = A5F178401A7800A000478D54;
			productRefGroup = A5F1784A1A7800A000478D54 /* Products */;
			projectDirPath = "";
			projectRoot = "";
			targets = (
				A5F178481A7800A000478D54 /* OverlayMenuApp */,
				A5F178611A7800A000478D54 /* OverlayMenuAppTests */,
			);
		};
/* End PBXProject section */

/* Begin PBXResourcesBuildPhase section */
		A5F178471A7800A000478D54 /* Resources */ = {
			isa = PBXResourcesBuildPhase;
			buildActionMask = 2147483647;
			files = (
				A5F178581A7800A000478D54 /* Main.storyboard in Resources */,
				A5F1785D1A7800A000478D54 /* LaunchScreen.xib in Resources */,
				A5F1785A1A7800A000478D54 /* Images.xcassets in Resources */,
			);
			runOnlyForDeploymentPostprocessing = 0;
		};
		A5F178601A7800A000478D54 /* Resources */ = {
			isa = PBXResourcesBuildPhase;
			buildActionMask = 2147483647;
			files = (
			);
			runOnlyForDeploymentPostprocessing = 0;
		};
/* End PBXResourcesBuildPhase section */

/* Begin PBXSourcesBuildPhase section */
		A5F178451A7800A000478D54 /* Sources */ = {
			isa = PBXSourcesBuildPhase;
			buildActionMask = 2147483647;
			files = (
				A5F178771A7800CA00478D54 /* RMMenuViewController.m in Sources */,
				A50F578C1AF18021005A875A /* RMOverlayController.m in Sources */,
				A5F1787A1A78147A00478D54 /* RMContentViewController.m in Sources */,
				A5F178521A7800A000478D54 /* AppDelegate.m in Sources */,
				A5F1784F1A7800A000478D54 /* main.m in Sources */,
			);
			runOnlyForDeploymentPostprocessing = 0;
		};
		A5F1785E1A7800A000478D54 /* Sources */ = {
			isa = PBXSourcesBuildPhase;
			buildActionMask = 2147483647;
			files = (
				A5F178691A7800A000478D54 /* OverlayMenuAppTests.m in Sources */,
			);
			runOnlyForDeploymentPostprocessing = 0;
		};
/* End PBXSourcesBuildPhase section */

/* Begin PBXTargetDependency section */
		A5F178641A7800A000478D54 /* PBXTargetDependency */ = {
			isa = PBXTargetDependency;
			target = A5F178481A7800A000478D54 /* OverlayMenuApp */;
			targetProxy = A5F178631A7800A000478D54 /* PBXContainerItemProxy */;
		};
/* End PBXTargetDependency section */

/* Begin PBXVariantGroup section */
		A5F178561A7800A000478D54 /* Main.storyboard */ = {
			isa = PBXVariantGroup;
			children = (
				A5F178571A7800A000478D54 /* Base */,
			);
			name = Main.storyboard;
			sourceTree = "<group>";
		};
		A5F1785B1A7800A000478D54 /* LaunchScreen.xib */ = {
			isa = PBXVariantGroup;
			children = (
				A5F1785C1A7800A000478D54 /* Base */,
			);
			name = LaunchScreen.xib;
			sourceTree = "<group>";
		};
/* End PBXVariantGroup section */

/* Begin XCBuildConfiguration section */
		A5F1786A1A7800A000478D54 /* Debug */ = {
			isa = XCBuildConfiguration;
			buildSettings = {
				ALWAYS_SEARCH_USER_PATHS = NO;
				CLANG_CXX_LANGUAGE_STANDARD = "gnu++0x";
				CLANG_CXX_LIBRARY = "libc++";
				CLANG_ENABLE_MODULES = YES;
				CLANG_ENABLE_OBJC_ARC = YES;
				CLANG_WARN_BOOL_CONVERSION = YES;
				CLANG_WARN_CONSTANT_CONVERSION = YES;
				CLANG_WARN_DIRECT_OBJC_ISA_USAGE = YES_ERROR;
				CLANG_WARN_EMPTY_BODY = YES;
				CLANG_WARN_ENUM_CONVERSION = YES;
				CLANG_WARN_INT_CONVERSION = YES;
				CLANG_WARN_OBJC_ROOT_CLASS = YES_ERROR;
				CLANG_WARN_UNREACHABLE_CODE = YES;
				CLANG_WARN__DUPLICATE_METHOD_MATCH = YES;
				"CODE_SIGN_IDENTITY[sdk=iphoneos*]" = "iPhone Developer";
				COPY_PHASE_STRIP = NO;
				ENABLE_STRICT_OBJC_MSGSEND = YES;
				GCC_C_LANGUAGE_STANDARD = gnu99;
				GCC_DYNAMIC_NO_PIC = NO;
				GCC_OPTIMIZATION_LEVEL = 0;
				GCC_PREPROCESSOR_DEFINITIONS = (
					"DEBUG=1",
					"$(inherited)",
				);
				GCC_SYMBOLS_PRIVATE_EXTERN = NO;
				GCC_WARN_64_TO_32_BIT_CONVERSION = YES;
				GCC_WARN_ABOUT_RETURN_TYPE = YES_ERROR;
				GCC_WARN_UNDECLARED_SELECTOR = YES;
				GCC_WARN_UNINITIALIZED_AUTOS = YES_AGGRESSIVE;
				GCC_WARN_UNUSED_FUNCTION = YES;
				GCC_WARN_UNUSED_VARIABLE = YES;
				IPHONEOS_DEPLOYMENT_TARGET = 8.1;
				MTL_ENABLE_DEBUG_INFO = YES;
				ONLY_ACTIVE_ARCH = YES;
				SDKROOT = iphoneos;
			};
			name = Debug;
		};
		A5F1786B1A7800A000478D54 /* Release */ = {
			isa = XCBuildConfiguration;
			buildSettings = {
				ALWAYS_SEARCH_USER_PATHS = NO;
				CLANG_CXX_LANGUAGE_STANDARD = "gnu++0x";
				CLANG_CXX_LIBRARY = "libc++";
				CLANG_ENABLE_MODULES = YES;
				CLANG_ENABLE_OBJC_ARC = YES;
				CLANG_WARN_BOOL_CONVERSION = YES;
				CLANG_WARN_CONSTANT_CONVERSION = YES;
				CLANG_WARN_DIRECT_OBJC_ISA_USAGE = YES_ERROR;
				CLANG_WARN_EMPTY_BODY = YES;
				CLANG_WARN_ENUM_CONVERSION = YES;
				CLANG_WARN_INT_CONVERSION = YES;
				CLANG_WARN_OBJC_ROOT_CLASS = YES_ERROR;
				CLANG_WARN_UNREACHABLE_CODE = YES;
				CLANG_WARN__DUPLICATE_METHOD_MATCH = YES;
				"CODE_SIGN_IDENTITY[sdk=iphoneos*]" = "iPhone Developer";
				COPY_PHASE_STRIP = YES;
				ENABLE_NS_ASSERTIONS = NO;
				ENABLE_STRICT_OBJC_MSGSEND = YES;
				GCC_C_LANGUAGE_STANDARD = gnu99;
				GCC_WARN_64_TO_32_BIT_CONVERSION = YES;
				GCC_WARN_ABOUT_RETURN_TYPE = YES_ERROR;
				GCC_WARN_UNDECLARED_SELECTOR = YES;
				GCC_WARN_UNINITIALIZED_AUTOS = YES_AGGRESSIVE;
				GCC_WARN_UNUSED_FUNCTION = YES;
				GCC_WARN_UNUSED_VARIABLE = YES;
				IPHONEOS_DEPLOYMENT_TARGET = 8.1;
				MTL_ENABLE_DEBUG_INFO = NO;
				SDKROOT = iphoneos;
				VALIDATE_PRODUCT = YES;
			};
			name = Release;
		};
		A5F1786D1A7800A000478D54 /* Debug */ = {
			isa = XCBuildConfiguration;
			buildSettings = {
				ASSETCATALOG_COMPILER_APPICON_NAME = AppIcon;
				INFOPLIST_FILE = OverlayMenuApp/Info.plist;
				LD_RUNPATH_SEARCH_PATHS = "$(inherited) @executable_path/Frameworks";
				PRODUCT_NAME = "$(TARGET_NAME)";
			};
			name = Debug;
		};
		A5F1786E1A7800A000478D54 /* Release */ = {
			isa = XCBuildConfiguration;
			buildSettings = {
				ASSETCATALOG_COMPILER_APPICON_NAME = AppIcon;
				INFOPLIST_FILE = OverlayMenuApp/Info.plist;
				LD_RUNPATH_SEARCH_PATHS = "$(inherited) @executable_path/Frameworks";
				PRODUCT_NAME = "$(TARGET_NAME)";
			};
			name = Release;
		};
		A5F178701A7800A000478D54 /* Debug */ = {
			isa = XCBuildConfiguration;
			buildSettings = {
				BUNDLE_LOADER = "$(TEST_HOST)";
				FRAMEWORK_SEARCH_PATHS = (
					"$(SDKROOT)/Developer/Library/Frameworks",
					"$(inherited)",
				);
				GCC_PREPROCESSOR_DEFINITIONS = (
					"DEBUG=1",
					"$(inherited)",
				);
				INFOPLIST_FILE = OverlayMenuAppTests/Info.plist;
				LD_RUNPATH_SEARCH_PATHS = "$(inherited) @executable_path/Frameworks @loader_path/Frameworks";
				PRODUCT_NAME = "$(TARGET_NAME)";
				TEST_HOST = "$(BUILT_PRODUCTS_DIR)/OverlayMenuApp.app/OverlayMenuApp";
			};
			name = Debug;
		};
		A5F178711A7800A000478D54 /* Release */ = {
			isa = XCBuildConfiguration;
			buildSettings = {
				BUNDLE_LOADER = "$(TEST_HOST)";
				FRAMEWORK_SEARCH_PATHS = (
					"$(SDKROOT)/Developer/Library/Frameworks",
					"$(inherited)",
				);
				INFOPLIST_FILE = OverlayMenuAppTests/Info.plist;
				LD_RUNPATH_SEARCH_PATHS = "$(inherited) @executable_path/Frameworks @loader_path/Frameworks";
				PRODUCT_NAME = "$(TARGET_NAME)";
				TEST_HOST = "$(BUILT_PRODUCTS_DIR)/OverlayMenuApp.app/OverlayMenuApp";
			};
			name = Release;
		};
/* End XCBuildConfiguration section */

/* Begin XCConfigurationList section */
		A5F178441A7800A000478D54 /* Build configuration list for PBXProject "OverlayMenuApp" */ = {
			isa = XCConfigurationList;
			buildConfigurations = (
				A5F1786A1A7800A000478D54 /* Debug */,
				A5F1786B1A7800A000478D54 /* Release */,
			);
			defaultConfigurationIsVisible = 0;
			defaultConfigurationName = Release;
		};
		A5F1786C1A7800A000478D54 /* Build configuration list for PBXNativeTarget "OverlayMenuApp" */ = {
			isa = XCConfigurationList;
			buildConfigurations = (
				A5F1786D1A7800A000478D54 /* Debug */,
				A5F1786E1A7800A000478D54 /* Release */,
			);
			defaultConfigurationIsVisible = 0;
			defaultConfigurationName = Release;
		};
		A5F1786F1A7800A000478D54 /* Build configuration list for PBXNativeTarget "OverlayMenuAppTests" */ = {
			isa = XCConfigurationList;
			buildConfigurations = (
				A5F178701A7800A000478D54 /* Debug */,
				A5F178711A7800A000478D54 /* Release */,
			);
			defaultConfigurationIsVisible = 0;
			defaultConfigurationName = Release;
		};
/* End XCConfigurationList section */
	};
	rootObject = A5F178411A7800A000478D54 /* Project object */;
}
